
Microsoft Visual Studio Solution File, Format Version 11.00
# Visual Phone Developer Express 2010
Project("{FAE04EC0-301F-11D3-BF4B-00C04F79EFBC}") = "CustomerApp", "CustomerApp\CustomerApp.csproj", "{8F25EED1-CE38-4957-85C0-1BC9EEC97483}"
EndProject
Global
	GlobalSection(SolutionConfigurationPlatforms) = preSolution
		Debug|Any CPU = Debug|Any CPU
		Release|Any CPU = Release|Any CPU
	EndGlobalSection
	GlobalSection(ProjectConfigurationPlatforms) = postSolution
		{8F25EED1-CE38-4957-85C0-1BC9EEC97483}.Debug|Any CPU.ActiveCfg = Debug|Any CPU
		{8F25EED1-CE38-4957-85C0-1BC9EEC97483}.Debug|Any CPU.Build.0 = Debug|Any CPU
		{8F25EED1-CE38-4957-85C0-1BC9EEC97483}.Debug|Any CPU.Deploy.0 = Debug|Any CPU
		{8F25EED1-CE38-4957-85C0-1BC9EEC97483}.Release|Any CPU.ActiveCfg = Release|Any CPU
		{8F25EED1-CE38-4957-85C0-1BC9EEC97483}.Release|Any CPU.Build.0 = Release|Any CPU
		{8F25EED1-CE38-4957-85C0-1BC9EEC97483}.Release|Any CPU.Deploy.0 = Release|Any CPU
	EndGlobalSection
	GlobalSection(SolutionProperties) = preSolution
		HideSolutionNode = FALSE
	EndGlobalSection
EndGlobal
